
Microsoft Visual Studio Solution File, Format Version 12.00
# Visual Studio Version 17
VisualStudioVersion = 17.3.32901.215
MinimumVisualStudioVersion = 10.0.40219.1
Project("{FAE04EC0-301F-11D3-BF4B-00C04F79EFBC}") = "RabbitMQ.Producer", "RabbitMQ.Producer\RabbitMQ.Producer.csproj", "{FD65DE08-ABB8-40F7-A357-43ACCA0A7AD2}"
EndProject
Global
	GlobalSection(SolutionConfigurationPlatforms) = preSolution
		Debug|Any CPU = Debug|Any CPU
		Release|Any CPU = Release|Any CPU
	EndGlobalSection
	GlobalSection(ProjectConfigurationPlatforms) = postSolution
		{FD65DE08-ABB8-40F7-A357-43ACCA0A7AD2}.Debug|Any CPU.ActiveCfg = Debug|Any CPU
		{FD65DE08-ABB8-40F7-A357-43ACCA0A7AD2}.Debug|Any CPU.Build.0 = Debug|Any CPU
		{FD65DE08-ABB8-40F7-A357-43ACCA0A7AD2}.Release|Any CPU.ActiveCfg = Release|Any CPU
		{FD65DE08-ABB8-40F7-A357-43ACCA0A7AD2}.Release|Any CPU.Build.0 = Release|Any CPU
	EndGlobalSection
	GlobalSection(SolutionProperties) = preSolution
		HideSolutionNode = FALSE
	EndGlobalSection
	GlobalSection(ExtensibilityGlobals) = postSolution
		SolutionGuid = {BC4E9853-2874-45DD-9394-22B2A84F8C45}
	EndGlobalSection
EndGlobal
