
Microsoft Visual Studio Solution File, Format Version 12.00
# Visual Studio Version 17
VisualStudioVersion = 17.3.32901.215
MinimumVisualStudioVersion = 10.0.40219.1
Project("{9A19103F-16F7-4668-BE54-9A1E7A4F7556}") = "SimpleQueue", "SimpleQueue\SimpleQueue.csproj", "{0241C192-F5B3-4671-8C20-EDE5426C03DB}"
EndProject
Project("{FAE04EC0-301F-11D3-BF4B-00C04F79EFBC}") = "DirectExchangePublisher", "DirectExchangePublisher\DirectExchangePublisher.csproj", "{7FD2EF87-9C70-4EE4-B95A-8F6E00D7CFC4}"
EndProject
Global
	GlobalSection(SolutionConfigurationPlatforms) = preSolution
		Debug|Any CPU = Debug|Any CPU
		Release|Any CPU = Release|Any CPU
	EndGlobalSection
	GlobalSection(ProjectConfigurationPlatforms) = postSolution
		{0241C192-F5B3-4671-8C20-EDE5426C03DB}.Debug|Any CPU.ActiveCfg = Debug|Any CPU
		{0241C192-F5B3-4671-8C20-EDE5426C03DB}.Debug|Any CPU.Build.0 = Debug|Any CPU
		{0241C192-F5B3-4671-8C20-EDE5426C03DB}.Release|Any CPU.ActiveCfg = Release|Any CPU
		{0241C192-F5B3-4671-8C20-EDE5426C03DB}.Release|Any CPU.Build.0 = Release|Any CPU
		{7FD2EF87-9C70-4EE4-B95A-8F6E00D7CFC4}.Debug|Any CPU.ActiveCfg = Debug|Any CPU
		{7FD2EF87-9C70-4EE4-B95A-8F6E00D7CFC4}.Debug|Any CPU.Build.0 = Debug|Any CPU
		{7FD2EF87-9C70-4EE4-B95A-8F6E00D7CFC4}.Release|Any CPU.ActiveCfg = Release|Any CPU
		{7FD2EF87-9C70-4EE4-B95A-8F6E00D7CFC4}.Release|Any CPU.Build.0 = Release|Any CPU
	EndGlobalSection
	GlobalSection(SolutionProperties) = preSolution
		HideSolutionNode = FALSE
	EndGlobalSection
	GlobalSection(ExtensibilityGlobals) = postSolution
		SolutionGuid = {BC4E9853-2874-45DD-9394-22B2A84F8C45}
	EndGlobalSection
EndGlobal
